
Microsoft Visual Studio Solution File, Format Version 12.00
# Visual Studio Version 17
VisualStudioVersion = 17.3.32819.101
MinimumVisualStudioVersion = 10.0.40219.1
Project("{9A19103F-16F7-4668-BE54-9A1E7A4F7556}") = "UserApi", "UserApi\UserApi.csproj", "{36C962C5-8471-4D69-B6B0-F635BC59E979}"
EndProject
Project("{9A19103F-16F7-4668-BE54-9A1E7A4F7556}") = "Models", "Models\Models.csproj", "{4F33B1AC-0CB2-4043-8B6E-70E43DFCBF39}"
EndProject
Project("{9A19103F-16F7-4668-BE54-9A1E7A4F7556}") = "Services", "Services\Services.csproj", "{C889F21C-EF29-4729-9F4E-088D7BA39A43}"
EndProject
Project("{00D1A9C2-B5F0-4AF3-8072-F6C62B433612}") = "Database", "Database\Database.sqlproj", "{C1D8A188-D440-4AEF-BE69-794C67A63130}"
EndProject
Project("{E53339B2-1760-4266-BCC7-CA923CBCF16C}") = "docker-compose", "docker-compose.dcproj", "{30000BFE-A789-440D-9544-5B299A119DFC}"
EndProject
Global
	GlobalSection(SolutionConfigurationPlatforms) = preSolution
		Debug|Any CPU = Debug|Any CPU
		Release|Any CPU = Release|Any CPU
	EndGlobalSection
	GlobalSection(ProjectConfigurationPlatforms) = postSolution
		{36C962C5-8471-4D69-B6B0-F635BC59E979}.Debug|Any CPU.ActiveCfg = Debug|Any CPU
		{36C962C5-8471-4D69-B6B0-F635BC59E979}.Debug|Any CPU.Build.0 = Debug|Any CPU
		{36C962C5-8471-4D69-B6B0-F635BC59E979}.Release|Any CPU.ActiveCfg = Release|Any CPU
		{36C962C5-8471-4D69-B6B0-F635BC59E979}.Release|Any CPU.Build.0 = Release|Any CPU
		{4F33B1AC-0CB2-4043-8B6E-70E43DFCBF39}.Debug|Any CPU.ActiveCfg = Debug|Any CPU
		{4F33B1AC-0CB2-4043-8B6E-70E43DFCBF39}.Debug|Any CPU.Build.0 = Debug|Any CPU
		{4F33B1AC-0CB2-4043-8B6E-70E43DFCBF39}.Release|Any CPU.ActiveCfg = Release|Any CPU
		{4F33B1AC-0CB2-4043-8B6E-70E43DFCBF39}.Release|Any CPU.Build.0 = Release|Any CPU
		{C889F21C-EF29-4729-9F4E-088D7BA39A43}.Debug|Any CPU.ActiveCfg = Debug|Any CPU
		{C889F21C-EF29-4729-9F4E-088D7BA39A43}.Debug|Any CPU.Build.0 = Debug|Any CPU
		{C889F21C-EF29-4729-9F4E-088D7BA39A43}.Release|Any CPU.ActiveCfg = Release|Any CPU
		{C889F21C-EF29-4729-9F4E-088D7BA39A43}.Release|Any CPU.Build.0 = Release|Any CPU
		{C1D8A188-D440-4AEF-BE69-794C67A63130}.Debug|Any CPU.ActiveCfg = Debug|Any CPU
		{C1D8A188-D440-4AEF-BE69-794C67A63130}.Debug|Any CPU.Build.0 = Debug|Any CPU
		{C1D8A188-D440-4AEF-BE69-794C67A63130}.Debug|Any CPU.Deploy.0 = Debug|Any CPU
		{C1D8A188-D440-4AEF-BE69-794C67A63130}.Release|Any CPU.ActiveCfg = Release|Any CPU
		{C1D8A188-D440-4AEF-BE69-794C67A63130}.Release|Any CPU.Build.0 = Release|Any CPU
		{C1D8A188-D440-4AEF-BE69-794C67A63130}.Release|Any CPU.Deploy.0 = Release|Any CPU
		{30000BFE-A789-440D-9544-5B299A119DFC}.Debug|Any CPU.ActiveCfg = Debug|Any CPU
		{30000BFE-A789-440D-9544-5B299A119DFC}.Debug|Any CPU.Build.0 = Debug|Any CPU
		{30000BFE-A789-440D-9544-5B299A119DFC}.Release|Any CPU.ActiveCfg = Release|Any CPU
		{30000BFE-A789-440D-9544-5B299A119DFC}.Release|Any CPU.Build.0 = Release|Any CPU
	EndGlobalSection
	GlobalSection(SolutionProperties) = preSolution
		HideSolutionNode = FALSE
	EndGlobalSection
	GlobalSection(ExtensibilityGlobals) = postSolution
		SolutionGuid = {8AE701C9-CBA9-4621-B8FB-42F0BBD04397}
	EndGlobalSection
EndGlobal
